
Microsoft Visual Studio Solution File, Format Version 12.00
# Visual Studio 15
VisualStudioVersion = 15.0.27004.2005
MinimumVisualStudioVersion = 10.0.40219.1
Project("{2150E333-8FDC-42A3-9474-1A3956D46DE8}") = "Data", "Data", "{E4964697-2264-4514-8E42-8E8D8A5FD36C}"
EndProject
Project("{2150E333-8FDC-42A3-9474-1A3956D46DE8}") = "Logika", "Logika", "{3A9D0079-9B5C-4FC8-8B7E-50809DA46268}"
EndProject
Project("{2150E333-8FDC-42A3-9474-1A3956D46DE8}") = "Web", "Web", "{804E9488-DDC6-42D7-A350-F4698A71EB04}"
EndProject
Project("{FAE04EC0-301F-11D3-BF4B-00C04F79EFBC}") = "Forum.Common", "Forum.Common\Forum.Common.csproj", "{1808B092-97A3-4A14-A4DA-2E533EB4F314}"
EndProject
Project("{FAE04EC0-301F-11D3-BF4B-00C04F79EFBC}") = "Forum.Data.Models", "Data\Forum.Data.Models\Forum.Data.Models.csproj", "{54E348AE-9886-4ED9-8196-1555765D6F09}"
EndProject
Project("{FAE04EC0-301F-11D3-BF4B-00C04F79EFBC}") = "Forum.Data", "Data\Forum.Data\Forum.Data.csproj", "{980CEE86-A2D2-4E0B-9187-45E907865806}"
EndProject
Project("{2150E333-8FDC-42A3-9474-1A3956D46DE8}") = "Testy", "Testy", "{539DD8E8-83C9-4B39-A445-DF5324ACF232}"
EndProject
Project("{FAE04EC0-301F-11D3-BF4B-00C04F79EFBC}") = "Forum.Web", "Forum.Web\Forum.Web.csproj", "{BEAA63A4-6B98-4BE5-9587-61A30AB6CFDF}"
EndProject
Global
	GlobalSection(SolutionConfigurationPlatforms) = preSolution
		Debug|Any CPU = Debug|Any CPU
		Release|Any CPU = Release|Any CPU
	EndGlobalSection
	GlobalSection(ProjectConfigurationPlatforms) = postSolution
		{1808B092-97A3-4A14-A4DA-2E533EB4F314}.Debug|Any CPU.ActiveCfg = Debug|Any CPU
		{1808B092-97A3-4A14-A4DA-2E533EB4F314}.Debug|Any CPU.Build.0 = Debug|Any CPU
		{1808B092-97A3-4A14-A4DA-2E533EB4F314}.Release|Any CPU.ActiveCfg = Release|Any CPU
		{1808B092-97A3-4A14-A4DA-2E533EB4F314}.Release|Any CPU.Build.0 = Release|Any CPU
		{54E348AE-9886-4ED9-8196-1555765D6F09}.Debug|Any CPU.ActiveCfg = Debug|Any CPU
		{54E348AE-9886-4ED9-8196-1555765D6F09}.Debug|Any CPU.Build.0 = Debug|Any CPU
		{54E348AE-9886-4ED9-8196-1555765D6F09}.Release|Any CPU.ActiveCfg = Release|Any CPU
		{54E348AE-9886-4ED9-8196-1555765D6F09}.Release|Any CPU.Build.0 = Release|Any CPU
		{980CEE86-A2D2-4E0B-9187-45E907865806}.Debug|Any CPU.ActiveCfg = Debug|Any CPU
		{980CEE86-A2D2-4E0B-9187-45E907865806}.Debug|Any CPU.Build.0 = Debug|Any CPU
		{980CEE86-A2D2-4E0B-9187-45E907865806}.Release|Any CPU.ActiveCfg = Release|Any CPU
		{980CEE86-A2D2-4E0B-9187-45E907865806}.Release|Any CPU.Build.0 = Release|Any CPU
		{BEAA63A4-6B98-4BE5-9587-61A30AB6CFDF}.Debug|Any CPU.ActiveCfg = Debug|Any CPU
		{BEAA63A4-6B98-4BE5-9587-61A30AB6CFDF}.Debug|Any CPU.Build.0 = Debug|Any CPU
		{BEAA63A4-6B98-4BE5-9587-61A30AB6CFDF}.Release|Any CPU.ActiveCfg = Release|Any CPU
		{BEAA63A4-6B98-4BE5-9587-61A30AB6CFDF}.Release|Any CPU.Build.0 = Release|Any CPU
	EndGlobalSection
	GlobalSection(SolutionProperties) = preSolution
		HideSolutionNode = FALSE
	EndGlobalSection
	GlobalSection(NestedProjects) = preSolution
		{54E348AE-9886-4ED9-8196-1555765D6F09} = {E4964697-2264-4514-8E42-8E8D8A5FD36C}
		{980CEE86-A2D2-4E0B-9187-45E907865806} = {E4964697-2264-4514-8E42-8E8D8A5FD36C}
		{BEAA63A4-6B98-4BE5-9587-61A30AB6CFDF} = {804E9488-DDC6-42D7-A350-F4698A71EB04}
	EndGlobalSection
	GlobalSection(ExtensibilityGlobals) = postSolution
		SolutionGuid = {EC8E1899-E7A1-4C2C-98E5-B5B0BCE90873}
	EndGlobalSection
EndGlobal
